
Microsoft Visual Studio Solution File, Format Version 12.00
# Visual Studio Version 16
VisualStudioVersion = 16.0.29609.76
MinimumVisualStudioVersion = 10.0.40219.1
Project("{9A19103F-16F7-4668-BE54-9A1E7A4F7556}") = "Lista_zadataka", "assignmentWork\Lista_zadataka.csproj", "{0E12D3A1-ED14-45C9-88D1-1CA60973DBFD}"
EndProject
Global
	GlobalSection(SolutionConfigurationPlatforms) = preSolution
		Debug|Any CPU = Debug|Any CPU
		Release|Any CPU = Release|Any CPU
	EndGlobalSection
	GlobalSection(ProjectConfigurationPlatforms) = postSolution
		{0E12D3A1-ED14-45C9-88D1-1CA60973DBFD}.Debug|Any CPU.ActiveCfg = Debug|Any CPU
		{0E12D3A1-ED14-45C9-88D1-1CA60973DBFD}.Debug|Any CPU.Build.0 = Debug|Any CPU
		{0E12D3A1-ED14-45C9-88D1-1CA60973DBFD}.Release|Any CPU.ActiveCfg = Release|Any CPU
		{0E12D3A1-ED14-45C9-88D1-1CA60973DBFD}.Release|Any CPU.Build.0 = Release|Any CPU
	EndGlobalSection
	GlobalSection(SolutionProperties) = preSolution
		HideSolutionNode = FALSE
	EndGlobalSection
	GlobalSection(ExtensibilityGlobals) = postSolution
		SolutionGuid = {A985C46B-3609-44DD-A078-C0D2B5EE8FF9}
	EndGlobalSection
EndGlobal
